{
  "version": 4,
  "terraform_version": "1.11.2",
  "serial": 5,
  "lineage": "07aec4ff-d76d-db40-6f82-eb5b6ebe624f",
  "outputs": {},
  "resources": [
    {
      "mode": "managed",
      "type": "google_dataproc_cluster",
      "name": "dp_cluster",
      "provider": "provider[\"registry.terraform.io/hashicorp/google\"]",
      "instances": [
        {
          "schema_version": 1,
          "attributes": {
            "cluster_config": [
              {
                "autoscaling_config": [],
                "auxiliary_node_groups": [],
                "bucket": "emerald-skill-436000-t2_cloudbuild",
                "dataproc_metric_config": [],
                "encryption_config": [],
                "endpoint_config": [
                  {
                    "enable_http_port_access": false,
                    "http_ports": {}
                  }
                ],
                "gce_cluster_config": [
                  {
                    "confidential_instance_config": [],
                    "internal_ip_only": false,
                    "metadata": {},
                    "network": "https://www.googleapis.com/compute/v1/projects/emerald-skill-436000-t2/global/networks/default",
                    "node_group_affinity": [],
                    "reservation_affinity": [],
                    "service_account": "998701995692-compute@developer.gserviceaccount.com",
                    "service_account_scopes": [
                      "https://www.googleapis.com/auth/bigquery",
                      "https://www.googleapis.com/auth/bigtable.admin.table",
                      "https://www.googleapis.com/auth/bigtable.data",
                      "https://www.googleapis.com/auth/cloud.useraccounts.readonly",
                      "https://www.googleapis.com/auth/devstorage.full_control",
                      "https://www.googleapis.com/auth/devstorage.read_write",
                      "https://www.googleapis.com/auth/logging.write",
                      "https://www.googleapis.com/auth/monitoring.write"
                    ],
                    "shielded_instance_config": [],
                    "subnetwork": "",
                    "tags": [
                      "my-dataproc-cluster"
                    ],
                    "zone": "us-central1-b"
                  }
                ],
                "initialization_action": [],
                "lifecycle_config": [],
                "master_config": [
                  {
                    "accelerators": [],
                    "disk_config": [
                      {
                        "boot_disk_size_gb": 50,
                        "boot_disk_type": "pd-standard",
                        "local_ssd_interface": "",
                        "num_local_ssds": 0
                      }
                    ],
                    "image_uri": "https://www.googleapis.com/compute/v1/projects/cloud-dataproc/global/images/dataproc-2-0-deb10-20250305-155100-rc01",
                    "instance_names": [
                      "my-dataproc-cluster-m"
                    ],
                    "machine_type": "n1-standard-2",
                    "min_cpu_platform": "AUTOMATIC",
                    "num_instances": 1
                  }
                ],
                "metastore_config": [],
                "preemptible_worker_config": [
                  {
                    "disk_config": [
                      {
                        "boot_disk_size_gb": 50,
                        "boot_disk_type": "pd-standard",
                        "local_ssd_interface": "",
                        "num_local_ssds": 0
                      }
                    ],
                    "instance_flexibility_policy": [
                      {
                        "instance_selection_list": [],
                        "instance_selection_results": null,
                        "provisioning_model_mix": []
                      }
                    ],
                    "instance_names": [
                      "my-dataproc-cluster-sw-q135"
                    ],
                    "num_instances": 1,
                    "preemptibility": "PREEMPTIBLE"
                  }
                ],
                "security_config": [],
                "software_config": [
                  {
                    "image_version": "2.0.136-debian10",
                    "optional_components": [
                      "DOCKER",
                      "JUPYTER"
                    ],
                    "override_properties": {},
                    "properties": {
                      "capacity-scheduler:yarn.scheduler.capacity.root.default.ordering-policy": "fair",
                      "core:fs.gs.block.size": "134217728",
                      "core:fs.gs.metadata.cache.enable": "false",
                      "core:hadoop.ssl.enabled.protocols": "TLSv1,TLSv1.1,TLSv1.2",
                      "distcp:mapreduce.map.java.opts": "-Xmx576m",
                      "distcp:mapreduce.map.memory.mb": "768",
                      "distcp:mapreduce.reduce.java.opts": "-Xmx576m",
                      "distcp:mapreduce.reduce.memory.mb": "768",
                      "hadoop-env:HADOOP_DATANODE_OPTS": "-Xmx512m",
                      "hdfs:dfs.datanode.address": "0.0.0.0:9866",
                      "hdfs:dfs.datanode.http.address": "0.0.0.0:9864",
                      "hdfs:dfs.datanode.https.address": "0.0.0.0:9865",
                      "hdfs:dfs.datanode.ipc.address": "0.0.0.0:9867",
                      "hdfs:dfs.namenode.handler.count": "40",
                      "hdfs:dfs.namenode.http-address": "0.0.0.0:9870",
                      "hdfs:dfs.namenode.https-address": "0.0.0.0:9871",
                      "hdfs:dfs.namenode.lifeline.rpc-address": "my-dataproc-cluster-m:8050",
                      "hdfs:dfs.namenode.secondary.http-address": "0.0.0.0:9868",
                      "hdfs:dfs.namenode.secondary.https-address": "0.0.0.0:9869",
                      "hdfs:dfs.namenode.service.handler.count": "20",
                      "hdfs:dfs.namenode.servicerpc-address": "my-dataproc-cluster-m:8051",
                      "hive:hive.fetch.task.conversion": "none",
                      "mapred-env:HADOOP_JOB_HISTORYSERVER_HEAPSIZE": "1920",
                      "mapred:mapreduce.job.maps": "15",
                      "mapred:mapreduce.job.reduce.slowstart.completedmaps": "0.95",
                      "mapred:mapreduce.job.reduces": "5",
                      "mapred:mapreduce.jobhistory.recovery.store.class": "org.apache.hadoop.mapreduce.v2.hs.HistoryServerLeveldbStateStoreService",
                      "mapred:mapreduce.map.cpu.vcores": "1",
                      "mapred:mapreduce.map.java.opts": "-Xmx2457m",
                      "mapred:mapreduce.map.memory.mb": "3072",
                      "mapred:mapreduce.reduce.cpu.vcores": "1",
                      "mapred:mapreduce.reduce.java.opts": "-Xmx2457m",
                      "mapred:mapreduce.reduce.memory.mb": "3072",
                      "mapred:mapreduce.task.io.sort.mb": "256",
                      "mapred:yarn.app.mapreduce.am.command-opts": "-Xmx2457m",
                      "mapred:yarn.app.mapreduce.am.resource.cpu-vcores": "1",
                      "mapred:yarn.app.mapreduce.am.resource.mb": "3072",
                      "spark-env:SPARK_DAEMON_MEMORY": "1920m",
                      "spark:spark.driver.maxResultSize": "960m",
                      "spark:spark.driver.memory": "1920m",
                      "spark:spark.executor.cores": "1",
                      "spark:spark.executor.instances": "2",
                      "spark:spark.executor.memory": "2688m",
                      "spark:spark.executorEnv.OPENBLAS_NUM_THREADS": "1",
                      "spark:spark.plugins.defaultList": "com.google.cloud.dataproc.DataprocSparkPlugin",
                      "spark:spark.scheduler.mode": "FAIR",
                      "spark:spark.sql.cbo.enabled": "true",
                      "spark:spark.ui.port": "0",
                      "spark:spark.yarn.am.memory": "640m",
                      "yarn-env:YARN_NODEMANAGER_HEAPSIZE": "768",
                      "yarn-env:YARN_RESOURCEMANAGER_HEAPSIZE": "1920",
                      "yarn-env:YARN_TIMELINESERVER_HEAPSIZE": "1920",
                      "yarn:yarn.nodemanager.address": "0.0.0.0:8026",
                      "yarn:yarn.nodemanager.resource.cpu-vcores": "2",
                      "yarn:yarn.nodemanager.resource.memory-mb": "6144",
                      "yarn:yarn.resourcemanager.decommissioning-nodes-watcher.decommission-if-no-shuffle-data": "true",
                      "yarn:yarn.resourcemanager.nodemanager-graceful-decommission-timeout-secs": "86400",
                      "yarn:yarn.scheduler.maximum-allocation-mb": "6144",
                      "yarn:yarn.scheduler.minimum-allocation-mb": "1"
                    }
                  }
                ],
                "staging_bucket": "emerald-skill-436000-t2_cloudbuild",
                "temp_bucket": "dataproc-temp-us-central1-998701995692-d84g5frq",
                "worker_config": [
                  {
                    "accelerators": [],
                    "disk_config": [
                      {
                        "boot_disk_size_gb": 50,
                        "boot_disk_type": "pd-standard",
                        "local_ssd_interface": "",
                        "num_local_ssds": 0
                      }
                    ],
                    "image_uri": "https://www.googleapis.com/compute/v1/projects/cloud-dataproc/global/images/dataproc-2-0-deb10-20250305-155100-rc01",
                    "instance_names": [
                      "my-dataproc-cluster-w-0",
                      "my-dataproc-cluster-w-1"
                    ],
                    "machine_type": "n1-standard-2",
                    "min_cpu_platform": "AUTOMATIC",
                    "min_num_instances": 0,
                    "num_instances": 2
                  }
                ]
              }
            ],
            "effective_labels": {
              "goog-dataproc-cluster-name": "my-dataproc-cluster",
              "goog-dataproc-cluster-uuid": "ce3d93d7-d9de-49d4-8c86-4626200f88f5",
              "goog-dataproc-drz-resource-uuid": "cluster-ce3d93d7-d9de-49d4-8c86-4626200f88f5",
              "goog-dataproc-location": "us-central1"
            },
            "graceful_decommission_timeout": "0s",
            "id": "projects/emerald-skill-436000-t2/regions/us-central1/clusters/my-dataproc-cluster",
            "labels": {},
            "name": "my-dataproc-cluster",
            "project": "emerald-skill-436000-t2",
            "region": "us-central1",
            "terraform_labels": {},
            "timeouts": null,
            "virtual_cluster_config": []
          },
          "sensitive_attributes": [],
          "private": "eyJlMmJmYjczMC1lY2FhLTExZTYtOGY4OC0zNDM2M2JjN2M0YzAiOnsiY3JlYXRlIjoyNzAwMDAwMDAwMDAwLCJkZWxldGUiOjI3MDAwMDAwMDAwMDAsInVwZGF0ZSI6MjcwMDAwMDAwMDAwMH0sInNjaGVtYV92ZXJzaW9uIjoiMSJ9"
        }
      ]
    }
  ],
  "check_results": null
}
